
Microsoft Visual Studio Solution File, Format Version 12.00
# Visual Studio Version 17
VisualStudioVersion = 17.9.34701.34
MinimumVisualStudioVersion = 10.0.40219.1
Project("{FAE04EC0-301F-11D3-BF4B-00C04F79EFBC}") = "PriorityTaskManagement", "PriorityTaskManagement.csproj", "{B8D1F2BB-4ECA-4A80-95EF-8E940E520C90}"
EndProject
Global
	GlobalSection(SolutionConfigurationPlatforms) = preSolution
		Debug|Any CPU = Debug|Any CPU
		Release|Any CPU = Release|Any CPU
	EndGlobalSection
	GlobalSection(ProjectConfigurationPlatforms) = postSolution
		{B8D1F2BB-4ECA-4A80-95EF-8E940E520C90}.Debug|Any CPU.ActiveCfg = Debug|Any CPU
		{B8D1F2BB-4ECA-4A80-95EF-8E940E520C90}.Debug|Any CPU.Build.0 = Debug|Any CPU
		{B8D1F2BB-4ECA-4A80-95EF-8E940E520C90}.Release|Any CPU.ActiveCfg = Release|Any CPU
		{B8D1F2BB-4ECA-4A80-95EF-8E940E520C90}.Release|Any CPU.Build.0 = Release|Any CPU
	EndGlobalSection
	GlobalSection(SolutionProperties) = preSolution
		HideSolutionNode = FALSE
	EndGlobalSection
	GlobalSection(ExtensibilityGlobals) = postSolution
		SolutionGuid = {066BBA0B-E8AF-46BC-8BD7-C9DD6D89360F}
	EndGlobalSection
EndGlobal
